{
    "_readme": [
        "This file locks the dependencies of your project to a known state",
        "Read more about it at http://getcomposer.org/doc/01-basic-usage.md#composer-lock-the-lock-file",
        "This file is @generated automatically"
    ],
    "hash": "9b11a9c198e57ed6b13ec0aa357c75a5",
    "packages": [
        {
            "name": "sentry/sentry",
            "version": "1.6.2",
            "source": {
                "type": "git",
                "url": "https://github.com/getsentry/sentry-php.git",
                "reference": "5bee26136ab3fc166334cd972892bf71bd361558"
            },
            "dist": {
                "type": "zip",
                "url": "https://api.github.com/repos/getsentry/sentry-php/zipball/5bee26136ab3fc166334cd972892bf71bd361558",
                "reference": "5bee26136ab3fc166334cd972892bf71bd361558",
                "shasum": ""
            },
            "require": {
                "ext-curl": "*",
                "php": ">=5.2.4"
            },
            "conflict": {
                "raven/raven": "*"
            },
            "require-dev": {
                "friendsofphp/php-cs-fixer": "^1.8.0",
                "monolog/monolog": "*",
                "phpunit/phpunit": "^4.8 || ^5.0"
            },
            "suggest": {
                "monolog/monolog": "Automatically capture Monolog events as breadcrumbs"
            },
            "bin": [
                "bin/sentry"
            ],
            "type": "library",
            "extra": {
                "branch-alias": {
                    "dev-master": "1.6.x-dev"
                }
            },
            "autoload": {
                "psr-0": {
                    "Raven_": "lib/"
                }
            },
            "notification-url": "https://packagist.org/downloads/",
            "license": [
                "BSD-3-Clause"
            ],
            "authors": [
                {
                    "name": "David Cramer",
                    "email": "dcramer@gmail.com"
                }
            ],
            "description": "A PHP client for Sentry (http://getsentry.com)",
            "homepage": "http://getsentry.com",
            "keywords": [
                "log",
                "logging"
            ],
            "time": "2017-02-03 07:32:53"
        }
    ],
    "packages-dev": [],
    "aliases": [],
    "minimum-stability": "dev",
    "stability-flags": [],
    "prefer-stable": false,
    "prefer-lowest": false,
    "platform": [],
    "platform-dev": []
}
