{
  "lockfile_version": "1",
  "packages": {
    "github:NixOS/nixpkgs/nixpkgs-unstable": {
      "last_modified": "2026-04-15T12:22:54Z",
      "resolved": "github:NixOS/nixpkgs/566acc07c54dc807f91625bb286cb9b321b5f42a?lastModified=1776255774&narHash=sha256-psVTpH6PK3q1htMJpmdz1hLF5pQgEshu7gQWgKO6t6Y%3D"
    },
    "php@8.5": {
      "last_modified": "2026-04-16T08:46:55Z",
      "plugin_version": "0.0.3",
      "resolved": "github:NixOS/nixpkgs/b86751bc4085f48661017fa226dee99fab6c651b#php85",
      "source": "devbox-search",
      "version": "8.5.5",
      "systems": {
        "aarch64-darwin": {
          "outputs": [
            {
              "name": "out",
              "path": "/nix/store/v9m4idwkw3n42b95js5z8qv0plj0v1gn-php-with-extensions-8.5.5",
              "default": true
            }
          ],
          "store_path": "/nix/store/v9m4idwkw3n42b95js5z8qv0plj0v1gn-php-with-extensions-8.5.5"
        },
        "aarch64-linux": {
          "outputs": [
            {
              "name": "out",
              "path": "/nix/store/r5glygahg6aiij1hlf6wvm2w46p0sbrj-php-with-extensions-8.5.5",
              "default": true
            }
          ],
          "store_path": "/nix/store/r5glygahg6aiij1hlf6wvm2w46p0sbrj-php-with-extensions-8.5.5"
        },
        "x86_64-darwin": {
          "outputs": [
            {
              "name": "out",
              "path": "/nix/store/ym4i35g7hszcpsaz4nlv4lrjq0mw07kk-php-with-extensions-8.5.5",
              "default": true
            }
          ],
          "store_path": "/nix/store/ym4i35g7hszcpsaz4nlv4lrjq0mw07kk-php-with-extensions-8.5.5"
        },
        "x86_64-linux": {
          "outputs": [
            {
              "name": "out",
              "path": "/nix/store/s5zpxvmjpddqvf350ck1wdi0pkgnj9py-php-with-extensions-8.5.5",
              "default": true
            }
          ],
          "store_path": "/nix/store/s5zpxvmjpddqvf350ck1wdi0pkgnj9py-php-with-extensions-8.5.5"
        }
      }
    }
  }
}
